
Microsoft Visual Studio Solution File, Format Version 12.00
# Visual Studio Version 17
VisualStudioVersion = 17.4.33110.190
MinimumVisualStudioVersion = 10.0.40219.1
Project("{FAE04EC0-301F-11D3-BF4B-00C04F79EFBC}") = "InvestmentEfficiency", "InvestmentEfficiency.csproj", "{12F2320E-F5E9-4EC9-A467-392A43278C21}"
EndProject
Global
	GlobalSection(SolutionConfigurationPlatforms) = preSolution
		Debug|Any CPU = Debug|Any CPU
		Release|Any CPU = Release|Any CPU
	EndGlobalSection
	GlobalSection(ProjectConfigurationPlatforms) = postSolution
		{12F2320E-F5E9-4EC9-A467-392A43278C21}.Debug|Any CPU.ActiveCfg = Debug|Any CPU
		{12F2320E-F5E9-4EC9-A467-392A43278C21}.Debug|Any CPU.Build.0 = Debug|Any CPU
		{12F2320E-F5E9-4EC9-A467-392A43278C21}.Release|Any CPU.ActiveCfg = Release|Any CPU
		{12F2320E-F5E9-4EC9-A467-392A43278C21}.Release|Any CPU.Build.0 = Release|Any CPU
	EndGlobalSection
	GlobalSection(SolutionProperties) = preSolution
		HideSolutionNode = FALSE
	EndGlobalSection
	GlobalSection(ExtensibilityGlobals) = postSolution
		SolutionGuid = {E72864F5-016A-4117-870F-B818F5F0064D}
	EndGlobalSection
EndGlobal
